
Microsoft Visual Studio Solution File, Format Version 12.00
# Visual Studio Version 17
VisualStudioVersion = 17.8.34525.116
MinimumVisualStudioVersion = 10.0.40219.1
Project("{FAE04EC0-301F-11D3-BF4B-00C04F79EFBC}") = "HelloWorld.UWP", "HelloWorld\HelloWorld.UWP\HelloWorld.UWP.csproj", "{5C02CF8D-1EB7-4C55-BF1F-B647E02B1C39}"
EndProject
Project("{FAE04EC0-301F-11D3-BF4B-00C04F79EFBC}") = "HelloWorld.Android", "HelloWorld\HelloWorld.Android\HelloWorld.Android.csproj", "{540C9C37-6CFD-45A4-A7B8-AF527CAA535D}"
EndProject
Project("{FAE04EC0-301F-11D3-BF4B-00C04F79EFBC}") = "HelloWorld.iOS", "HelloWorld\HelloWorld.iOS\HelloWorld.iOS.csproj", "{0295F1F3-5453-4A19-A1B6-9F4118A1B862}"
EndProject
Project("{FAE04EC0-301F-11D3-BF4B-00C04F79EFBC}") = "HelloWorld", "HelloWorld\HelloWorld\HelloWorld.csproj", "{997F218A-21F5-4D92-A2B4-63434CFAD3B6}"
EndProject
Global
	GlobalSection(SolutionConfigurationPlatforms) = preSolution
		Debug|Any CPU = Debug|Any CPU
		Debug|ARM = Debug|ARM
		Debug|iPhone = Debug|iPhone
		Debug|iPhoneSimulator = Debug|iPhoneSimulator
		Debug|x64 = Debug|x64
		Debug|x86 = Debug|x86
		Release|Any CPU = Release|Any CPU
		Release|ARM = Release|ARM
		Release|iPhone = Release|iPhone
		Release|iPhoneSimulator = Release|iPhoneSimulator
		Release|x64 = Release|x64
		Release|x86 = Release|x86
	EndGlobalSection
	GlobalSection(ProjectConfigurationPlatforms) = postSolution
		{5C02CF8D-1EB7-4C55-BF1F-B647E02B1C39}.Debug|Any CPU.ActiveCfg = Debug|x64
		{5C02CF8D-1EB7-4C55-BF1F-B647E02B1C39}.Debug|Any CPU.Build.0 = Debug|x64
		{5C02CF8D-1EB7-4C55-BF1F-B647E02B1C39}.Debug|Any CPU.Deploy.0 = Debug|x64
		{5C02CF8D-1EB7-4C55-BF1F-B647E02B1C39}.Debug|ARM.ActiveCfg = Debug|ARM
		{5C02CF8D-1EB7-4C55-BF1F-B647E02B1C39}.Debug|ARM.Build.0 = Debug|ARM
		{5C02CF8D-1EB7-4C55-BF1F-B647E02B1C39}.Debug|ARM.Deploy.0 = Debug|ARM
		{5C02CF8D-1EB7-4C55-BF1F-B647E02B1C39}.Debug|iPhone.ActiveCfg = Debug|x64
		{5C02CF8D-1EB7-4C55-BF1F-B647E02B1C39}.Debug|iPhone.Build.0 = Debug|x64
		{5C02CF8D-1EB7-4C55-BF1F-B647E02B1C39}.Debug|iPhone.Deploy.0 = Debug|x64
		{5C02CF8D-1EB7-4C55-BF1F-B647E02B1C39}.Debug|iPhoneSimulator.ActiveCfg = Debug|x64
		{5C02CF8D-1EB7-4C55-BF1F-B647E02B1C39}.Debug|iPhoneSimulator.Build.0 = Debug|x64
		{5C02CF8D-1EB7-4C55-BF1F-B647E02B1C39}.Debug|iPhoneSimulator.Deploy.0 = Debug|x64
		{5C02CF8D-1EB7-4C55-BF1F-B647E02B1C39}.Debug|x64.ActiveCfg = Debug|x64
		{5C02CF8D-1EB7-4C55-BF1F-B647E02B1C39}.Debug|x64.Build.0 = Debug|x64
		{5C02CF8D-1EB7-4C55-BF1F-B647E02B1C39}.Debug|x64.Deploy.0 = Debug|x64
		{5C02CF8D-1EB7-4C55-BF1F-B647E02B1C39}.Debug|x86.ActiveCfg = Debug|x86
		{5C02CF8D-1EB7-4C55-BF1F-B647E02B1C39}.Debug|x86.Build.0 = Debug|x86
		{5C02CF8D-1EB7-4C55-BF1F-B647E02B1C39}.Debug|x86.Deploy.0 = Debug|x86
		{5C02CF8D-1EB7-4C55-BF1F-B647E02B1C39}.Release|Any CPU.ActiveCfg = Release|x64
		{5C02CF8D-1EB7-4C55-BF1F-B647E02B1C39}.Release|Any CPU.Build.0 = Release|x64
		{5C02CF8D-1EB7-4C55-BF1F-B647E02B1C39}.Release|Any CPU.Deploy.0 = Release|x64
		{5C02CF8D-1EB7-4C55-BF1F-B647E02B1C39}.Release|ARM.ActiveCfg = Release|ARM
		{5C02CF8D-1EB7-4C55-BF1F-B647E02B1C39}.Release|ARM.Build.0 = Release|ARM
		{5C02CF8D-1EB7-4C55-BF1F-B647E02B1C39}.Release|ARM.Deploy.0 = Release|ARM
		{5C02CF8D-1EB7-4C55-BF1F-B647E02B1C39}.Release|iPhone.ActiveCfg = Release|x64
		{5C02CF8D-1EB7-4C55-BF1F-B647E02B1C39}.Release|iPhone.Build.0 = Release|x64
		{5C02CF8D-1EB7-4C55-BF1F-B647E02B1C39}.Release|iPhone.Deploy.0 = Release|x64
		{5C02CF8D-1EB7-4C55-BF1F-B647E02B1C39}.Release|iPhoneSimulator.ActiveCfg = Release|x64
		{5C02CF8D-1EB7-4C55-BF1F-B647E02B1C39}.Release|iPhoneSimulator.Build.0 = Release|x64
		{5C02CF8D-1EB7-4C55-BF1F-B647E02B1C39}.Release|iPhoneSimulator.Deploy.0 = Release|x64
		{5C02CF8D-1EB7-4C55-BF1F-B647E02B1C39}.Release|x64.ActiveCfg = Release|x64
		{5C02CF8D-1EB7-4C55-BF1F-B647E02B1C39}.Release|x64.Build.0 = Release|x64
		{5C02CF8D-1EB7-4C55-BF1F-B647E02B1C39}.Release|x64.Deploy.0 = Release|x64
		{5C02CF8D-1EB7-4C55-BF1F-B647E02B1C39}.Release|x86.ActiveCfg = Release|x86
		{5C02CF8D-1EB7-4C55-BF1F-B647E02B1C39}.Release|x86.Build.0 = Release|x86
		{5C02CF8D-1EB7-4C55-BF1F-B647E02B1C39}.Release|x86.Deploy.0 = Release|x86
		{540C9C37-6CFD-45A4-A7B8-AF527CAA535D}.Debug|Any CPU.ActiveCfg = Debug|Any CPU
		{540C9C37-6CFD-45A4-A7B8-AF527CAA535D}.Debug|Any CPU.Build.0 = Debug|Any CPU
		{540C9C37-6CFD-45A4-A7B8-AF527CAA535D}.Debug|Any CPU.Deploy.0 = Debug|Any CPU
		{540C9C37-6CFD-45A4-A7B8-AF527CAA535D}.Debug|ARM.ActiveCfg = Debug|Any CPU
		{540C9C37-6CFD-45A4-A7B8-AF527CAA535D}.Debug|ARM.Build.0 = Debug|Any CPU
		{540C9C37-6CFD-45A4-A7B8-AF527CAA535D}.Debug|ARM.Deploy.0 = Debug|Any CPU
		{540C9C37-6CFD-45A4-A7B8-AF527CAA535D}.Debug|iPhone.ActiveCfg = Debug|Any CPU
		{540C9C37-6CFD-45A4-A7B8-AF527CAA535D}.Debug|iPhone.Build.0 = Debug|Any CPU
		{540C9C37-6CFD-45A4-A7B8-AF527CAA535D}.Debug|iPhone.Deploy.0 = Debug|Any CPU
		{540C9C37-6CFD-45A4-A7B8-AF527CAA535D}.Debug|iPhoneSimulator.ActiveCfg = Debug|Any CPU
		{540C9C37-6CFD-45A4-A7B8-AF527CAA535D}.Debug|iPhoneSimulator.Build.0 = Debug|Any CPU
		{540C9C37-6CFD-45A4-A7B8-AF527CAA535D}.Debug|iPhoneSimulator.Deploy.0 = Debug|Any CPU
		{540C9C37-6CFD-45A4-A7B8-AF527CAA535D}.Debug|x64.ActiveCfg = Debug|Any CPU
		{540C9C37-6CFD-45A4-A7B8-AF527CAA535D}.Debug|x64.Build.0 = Debug|Any CPU
		{540C9C37-6CFD-45A4-A7B8-AF527CAA535D}.Debug|x64.Deploy.0 = Debug|Any CPU
		{540C9C37-6CFD-45A4-A7B8-AF527CAA535D}.Debug|x86.ActiveCfg = Debug|Any CPU
		{540C9C37-6CFD-45A4-A7B8-AF527CAA535D}.Debug|x86.Build.0 = Debug|Any CPU
		{540C9C37-6CFD-45A4-A7B8-AF527CAA535D}.Debug|x86.Deploy.0 = Debug|Any CPU
		{540C9C37-6CFD-45A4-A7B8-AF527CAA535D}.Release|Any CPU.ActiveCfg = Release|Any CPU
		{540C9C37-6CFD-45A4-A7B8-AF527CAA535D}.Release|Any CPU.Build.0 = Release|Any CPU
		{540C9C37-6CFD-45A4-A7B8-AF527CAA535D}.Release|Any CPU.Deploy.0 = Release|Any CPU
		{540C9C37-6CFD-45A4-A7B8-AF527CAA535D}.Release|ARM.ActiveCfg = Release|Any CPU
		{540C9C37-6CFD-45A4-A7B8-AF527CAA535D}.Release|ARM.Build.0 = Release|Any CPU
		{540C9C37-6CFD-45A4-A7B8-AF527CAA535D}.Release|ARM.Deploy.0 = Release|Any CPU
		{540C9C37-6CFD-45A4-A7B8-AF527CAA535D}.Release|iPhone.ActiveCfg = Release|Any CPU
		{540C9C37-6CFD-45A4-A7B8-AF527CAA535D}.Release|iPhone.Build.0 = Release|Any CPU
		{540C9C37-6CFD-45A4-A7B8-AF527CAA535D}.Release|iPhone.Deploy.0 = Release|Any CPU
		{540C9C37-6CFD-45A4-A7B8-AF527CAA535D}.Release|iPhoneSimulator.ActiveCfg = Release|Any CPU
		{540C9C37-6CFD-45A4-A7B8-AF527CAA535D}.Release|iPhoneSimulator.Build.0 = Release|Any CPU
		{540C9C37-6CFD-45A4-A7B8-AF527CAA535D}.Release|iPhoneSimulator.Deploy.0 = Release|Any CPU
		{540C9C37-6CFD-45A4-A7B8-AF527CAA535D}.Release|x64.ActiveCfg = Release|Any CPU
		{540C9C37-6CFD-45A4-A7B8-AF527CAA535D}.Release|x64.Build.0 = Release|Any CPU
		{540C9C37-6CFD-45A4-A7B8-AF527CAA535D}.Release|x64.Deploy.0 = Release|Any CPU
		{540C9C37-6CFD-45A4-A7B8-AF527CAA535D}.Release|x86.ActiveCfg = Release|Any CPU
		{540C9C37-6CFD-45A4-A7B8-AF527CAA535D}.Release|x86.Build.0 = Release|Any CPU
		{540C9C37-6CFD-45A4-A7B8-AF527CAA535D}.Release|x86.Deploy.0 = Release|Any CPU
		{0295F1F3-5453-4A19-A1B6-9F4118A1B862}.Debug|Any CPU.ActiveCfg = Debug|iPhoneSimulator
		{0295F1F3-5453-4A19-A1B6-9F4118A1B862}.Debug|Any CPU.Build.0 = Debug|iPhoneSimulator
		{0295F1F3-5453-4A19-A1B6-9F4118A1B862}.Debug|Any CPU.Deploy.0 = Debug|iPhoneSimulator
		{0295F1F3-5453-4A19-A1B6-9F4118A1B862}.Debug|ARM.ActiveCfg = Debug|iPhoneSimulator
		{0295F1F3-5453-4A19-A1B6-9F4118A1B862}.Debug|ARM.Build.0 = Debug|iPhoneSimulator
		{0295F1F3-5453-4A19-A1B6-9F4118A1B862}.Debug|ARM.Deploy.0 = Debug|iPhoneSimulator
		{0295F1F3-5453-4A19-A1B6-9F4118A1B862}.Debug|iPhone.ActiveCfg = Debug|iPhone
		{0295F1F3-5453-4A19-A1B6-9F4118A1B862}.Debug|iPhone.Build.0 = Debug|iPhone
		{0295F1F3-5453-4A19-A1B6-9F4118A1B862}.Debug|iPhone.Deploy.0 = Debug|iPhone
		{0295F1F3-5453-4A19-A1B6-9F4118A1B862}.Debug|iPhoneSimulator.ActiveCfg = Debug|iPhoneSimulator
		{0295F1F3-5453-4A19-A1B6-9F4118A1B862}.Debug|iPhoneSimulator.Build.0 = Debug|iPhoneSimulator
		{0295F1F3-5453-4A19-A1B6-9F4118A1B862}.Debug|iPhoneSimulator.Deploy.0 = Debug|iPhoneSimulator
		{0295F1F3-5453-4A19-A1B6-9F4118A1B862}.Debug|x64.ActiveCfg = Debug|iPhone
		{0295F1F3-5453-4A19-A1B6-9F4118A1B862}.Debug|x64.Build.0 = Debug|iPhone
		{0295F1F3-5453-4A19-A1B6-9F4118A1B862}.Debug|x64.Deploy.0 = Debug|iPhone
		{0295F1F3-5453-4A19-A1B6-9F4118A1B862}.Debug|x86.ActiveCfg = Debug|iPhoneSimulator
		{0295F1F3-5453-4A19-A1B6-9F4118A1B862}.Debug|x86.Build.0 = Debug|iPhoneSimulator
		{0295F1F3-5453-4A19-A1B6-9F4118A1B862}.Debug|x86.Deploy.0 = Debug|iPhoneSimulator
		{0295F1F3-5453-4A19-A1B6-9F4118A1B862}.Release|Any CPU.ActiveCfg = Release|iPhoneSimulator
		{0295F1F3-5453-4A19-A1B6-9F4118A1B862}.Release|Any CPU.Build.0 = Release|iPhoneSimulator
		{0295F1F3-5453-4A19-A1B6-9F4118A1B862}.Release|Any CPU.Deploy.0 = Release|iPhoneSimulator
		{0295F1F3-5453-4A19-A1B6-9F4118A1B862}.Release|ARM.ActiveCfg = Release|iPhoneSimulator
		{0295F1F3-5453-4A19-A1B6-9F4118A1B862}.Release|ARM.Build.0 = Release|iPhoneSimulator
		{0295F1F3-5453-4A19-A1B6-9F4118A1B862}.Release|ARM.Deploy.0 = Release|iPhoneSimulator
		{0295F1F3-5453-4A19-A1B6-9F4118A1B862}.Release|iPhone.ActiveCfg = Release|iPhone
		{0295F1F3-5453-4A19-A1B6-9F4118A1B862}.Release|iPhone.Build.0 = Release|iPhone
		{0295F1F3-5453-4A19-A1B6-9F4118A1B862}.Release|iPhone.Deploy.0 = Release|iPhone
		{0295F1F3-5453-4A19-A1B6-9F4118A1B862}.Release|iPhoneSimulator.ActiveCfg = Release|iPhoneSimulator
		{0295F1F3-5453-4A19-A1B6-9F4118A1B862}.Release|iPhoneSimulator.Build.0 = Release|iPhoneSimulator
		{0295F1F3-5453-4A19-A1B6-9F4118A1B862}.Release|iPhoneSimulator.Deploy.0 = Release|iPhoneSimulator
		{0295F1F3-5453-4A19-A1B6-9F4118A1B862}.Release|x64.ActiveCfg = Release|iPhoneSimulator
		{0295F1F3-5453-4A19-A1B6-9F4118A1B862}.Release|x64.Build.0 = Release|iPhoneSimulator
		{0295F1F3-5453-4A19-A1B6-9F4118A1B862}.Release|x64.Deploy.0 = Release|iPhoneSimulator
		{0295F1F3-5453-4A19-A1B6-9F4118A1B862}.Release|x86.ActiveCfg = Release|iPhoneSimulator
		{0295F1F3-5453-4A19-A1B6-9F4118A1B862}.Release|x86.Build.0 = Release|iPhoneSimulator
		{0295F1F3-5453-4A19-A1B6-9F4118A1B862}.Release|x86.Deploy.0 = Release|iPhoneSimulator
		{997F218A-21F5-4D92-A2B4-63434CFAD3B6}.Debug|Any CPU.ActiveCfg = Debug|Any CPU
		{997F218A-21F5-4D92-A2B4-63434CFAD3B6}.Debug|Any CPU.Build.0 = Debug|Any CPU
		{997F218A-21F5-4D92-A2B4-63434CFAD3B6}.Debug|Any CPU.Deploy.0 = Debug|Any CPU
		{997F218A-21F5-4D92-A2B4-63434CFAD3B6}.Debug|ARM.ActiveCfg = Debug|Any CPU
		{997F218A-21F5-4D92-A2B4-63434CFAD3B6}.Debug|ARM.Build.0 = Debug|Any CPU
		{997F218A-21F5-4D92-A2B4-63434CFAD3B6}.Debug|ARM.Deploy.0 = Debug|Any CPU
		{997F218A-21F5-4D92-A2B4-63434CFAD3B6}.Debug|iPhone.ActiveCfg = Debug|Any CPU
		{997F218A-21F5-4D92-A2B4-63434CFAD3B6}.Debug|iPhone.Build.0 = Debug|Any CPU
		{997F218A-21F5-4D92-A2B4-63434CFAD3B6}.Debug|iPhone.Deploy.0 = Debug|Any CPU
		{997F218A-21F5-4D92-A2B4-63434CFAD3B6}.Debug|iPhoneSimulator.ActiveCfg = Debug|Any CPU
		{997F218A-21F5-4D92-A2B4-63434CFAD3B6}.Debug|iPhoneSimulator.Build.0 = Debug|Any CPU
		{997F218A-21F5-4D92-A2B4-63434CFAD3B6}.Debug|iPhoneSimulator.Deploy.0 = Debug|Any CPU
		{997F218A-21F5-4D92-A2B4-63434CFAD3B6}.Debug|x64.ActiveCfg = Debug|Any CPU
		{997F218A-21F5-4D92-A2B4-63434CFAD3B6}.Debug|x64.Build.0 = Debug|Any CPU
		{997F218A-21F5-4D92-A2B4-63434CFAD3B6}.Debug|x64.Deploy.0 = Debug|Any CPU
		{997F218A-21F5-4D92-A2B4-63434CFAD3B6}.Debug|x86.ActiveCfg = Debug|Any CPU
		{997F218A-21F5-4D92-A2B4-63434CFAD3B6}.Debug|x86.Build.0 = Debug|Any CPU
		{997F218A-21F5-4D92-A2B4-63434CFAD3B6}.Debug|x86.Deploy.0 = Debug|Any CPU
		{997F218A-21F5-4D92-A2B4-63434CFAD3B6}.Release|Any CPU.ActiveCfg = Release|Any CPU
		{997F218A-21F5-4D92-A2B4-63434CFAD3B6}.Release|Any CPU.Build.0 = Release|Any CPU
		{997F218A-21F5-4D92-A2B4-63434CFAD3B6}.Release|Any CPU.Deploy.0 = Release|Any CPU
		{997F218A-21F5-4D92-A2B4-63434CFAD3B6}.Release|ARM.ActiveCfg = Release|Any CPU
		{997F218A-21F5-4D92-A2B4-63434CFAD3B6}.Release|ARM.Build.0 = Release|Any CPU
		{997F218A-21F5-4D92-A2B4-63434CFAD3B6}.Release|ARM.Deploy.0 = Release|Any CPU
		{997F218A-21F5-4D92-A2B4-63434CFAD3B6}.Release|iPhone.ActiveCfg = Release|Any CPU
		{997F218A-21F5-4D92-A2B4-63434CFAD3B6}.Release|iPhone.Build.0 = Release|Any CPU
		{997F218A-21F5-4D92-A2B4-63434CFAD3B6}.Release|iPhone.Deploy.0 = Release|Any CPU
		{997F218A-21F5-4D92-A2B4-63434CFAD3B6}.Release|iPhoneSimulator.ActiveCfg = Release|Any CPU
		{997F218A-21F5-4D92-A2B4-63434CFAD3B6}.Release|iPhoneSimulator.Build.0 = Release|Any CPU
		{997F218A-21F5-4D92-A2B4-63434CFAD3B6}.Release|iPhoneSimulator.Deploy.0 = Release|Any CPU
		{997F218A-21F5-4D92-A2B4-63434CFAD3B6}.Release|x64.ActiveCfg = Release|Any CPU
		{997F218A-21F5-4D92-A2B4-63434CFAD3B6}.Release|x64.Build.0 = Release|Any CPU
		{997F218A-21F5-4D92-A2B4-63434CFAD3B6}.Release|x64.Deploy.0 = Release|Any CPU
		{997F218A-21F5-4D92-A2B4-63434CFAD3B6}.Release|x86.ActiveCfg = Release|Any CPU
		{997F218A-21F5-4D92-A2B4-63434CFAD3B6}.Release|x86.Build.0 = Release|Any CPU
		{997F218A-21F5-4D92-A2B4-63434CFAD3B6}.Release|x86.Deploy.0 = Release|Any CPU
	EndGlobalSection
	GlobalSection(SolutionProperties) = preSolution
		HideSolutionNode = FALSE
	EndGlobalSection
	GlobalSection(ExtensibilityGlobals) = postSolution
		SolutionGuid = {C0D6AF98-D84E-40D3-BC1E-2A5A700360A2}
	EndGlobalSection
EndGlobal
